
Microsoft Visual Studio Solution File, Format Version 12.00
# Visual Studio Version 16
VisualStudioVersion = 16.0.31729.503
MinimumVisualStudioVersion = 10.0.40219.1
Project("{FAE04EC0-301F-11D3-BF4B-00C04F79EFBC}") = "Stok Takip Otomasyonu", "Stok Takip Otomasyonu\Stok Takip Otomasyonu.csproj", "{5C76B48D-C3C8-4714-963B-D5F868C273A9}"
EndProject
Global
	GlobalSection(SolutionConfigurationPlatforms) = preSolution
		Debug|Any CPU = Debug|Any CPU
		Release|Any CPU = Release|Any CPU
	EndGlobalSection
	GlobalSection(ProjectConfigurationPlatforms) = postSolution
		{5C76B48D-C3C8-4714-963B-D5F868C273A9}.Debug|Any CPU.ActiveCfg = Debug|Any CPU
		{5C76B48D-C3C8-4714-963B-D5F868C273A9}.Debug|Any CPU.Build.0 = Debug|Any CPU
		{5C76B48D-C3C8-4714-963B-D5F868C273A9}.Release|Any CPU.ActiveCfg = Release|Any CPU
		{5C76B48D-C3C8-4714-963B-D5F868C273A9}.Release|Any CPU.Build.0 = Release|Any CPU
	EndGlobalSection
	GlobalSection(SolutionProperties) = preSolution
		HideSolutionNode = FALSE
	EndGlobalSection
	GlobalSection(ExtensibilityGlobals) = postSolution
		SolutionGuid = {35BECCCA-E089-4D8B-9431-B4D85E42447B}
	EndGlobalSection
EndGlobal
